
Microsoft Visual Studio Solution File, Format Version 12.00
# Visual Studio Version 17
VisualStudioVersion = 17.5.002.0
MinimumVisualStudioVersion = 10.0.40219.1
Project("{2150E333-8FDC-42A3-9474-1A3956D46DE8}") = "src", "src", "{5E0BE637-0C4B-44DD-BAC8-1C0C403C9C9D}"
EndProject
Project("{FAE04EC0-301F-11D3-BF4B-00C04F79EFBC}") = "Chirp.Razor", "src\Chirp.Razor\Chirp.Razor.csproj", "{E89A1B28-544D-46C0-938E-60D770CF3E3E}"
EndProject
Project("{FAE04EC0-301F-11D3-BF4B-00C04F79EFBC}") = "Chirp.Infrastructure", "src\Chirp.Infrastructure\Chirp.Infrastructure.csproj", "{FE19650D-5457-4125-B379-F8D5B55383AA}"
EndProject
Project("{FAE04EC0-301F-11D3-BF4B-00C04F79EFBC}") = "Chirp.Core", "src\Chirp.Core\Chirp.Core.csproj", "{2886790B-BE3D-48E1-B59E-30DC1DBBAF23}"
EndProject
Project("{2150E333-8FDC-42A3-9474-1A3956D46DE8}") = "test", "test", "{D319FF3F-E249-4EDA-B489-4306535E366F}"
EndProject
Project("{FAE04EC0-301F-11D3-BF4B-00C04F79EFBC}") = "Chirp.IntegrationTests", "test\Chirp.IntegrationTests\Chirp.IntegrationTests.csproj", "{3089EC4B-DFC4-465D-81BF-E367A0B982E1}"
EndProject
Global
	GlobalSection(SolutionProperties) = preSolution
		HideSolutionNode = FALSE
	EndGlobalSection
	GlobalSection(ExtensibilityGlobals) = postSolution
		SolutionGuid = {8FB41837-58F5-468F-9523-06CB75218B84}
	EndGlobalSection
	GlobalSection(SolutionConfigurationPlatforms) = preSolution
		Debug|Any CPU = Debug|Any CPU
		Debug|x64 = Debug|x64
		Debug|x86 = Debug|x86
		Release|Any CPU = Release|Any CPU
		Release|x64 = Release|x64
		Release|x86 = Release|x86
	EndGlobalSection
	GlobalSection(ProjectConfigurationPlatforms) = postSolution
		{E89A1B28-544D-46C0-938E-60D770CF3E3E}.Debug|Any CPU.ActiveCfg = Debug|Any CPU
		{E89A1B28-544D-46C0-938E-60D770CF3E3E}.Debug|Any CPU.Build.0 = Debug|Any CPU
		{E89A1B28-544D-46C0-938E-60D770CF3E3E}.Debug|x64.ActiveCfg = Debug|Any CPU
		{E89A1B28-544D-46C0-938E-60D770CF3E3E}.Debug|x64.Build.0 = Debug|Any CPU
		{E89A1B28-544D-46C0-938E-60D770CF3E3E}.Debug|x86.ActiveCfg = Debug|Any CPU
		{E89A1B28-544D-46C0-938E-60D770CF3E3E}.Debug|x86.Build.0 = Debug|Any CPU
		{E89A1B28-544D-46C0-938E-60D770CF3E3E}.Release|Any CPU.ActiveCfg = Release|Any CPU
		{E89A1B28-544D-46C0-938E-60D770CF3E3E}.Release|Any CPU.Build.0 = Release|Any CPU
		{E89A1B28-544D-46C0-938E-60D770CF3E3E}.Release|x64.ActiveCfg = Release|Any CPU
		{E89A1B28-544D-46C0-938E-60D770CF3E3E}.Release|x64.Build.0 = Release|Any CPU
		{E89A1B28-544D-46C0-938E-60D770CF3E3E}.Release|x86.ActiveCfg = Release|Any CPU
		{E89A1B28-544D-46C0-938E-60D770CF3E3E}.Release|x86.Build.0 = Release|Any CPU
		{FE19650D-5457-4125-B379-F8D5B55383AA}.Debug|Any CPU.ActiveCfg = Debug|Any CPU
		{FE19650D-5457-4125-B379-F8D5B55383AA}.Debug|Any CPU.Build.0 = Debug|Any CPU
		{FE19650D-5457-4125-B379-F8D5B55383AA}.Debug|x64.ActiveCfg = Debug|Any CPU
		{FE19650D-5457-4125-B379-F8D5B55383AA}.Debug|x64.Build.0 = Debug|Any CPU
		{FE19650D-5457-4125-B379-F8D5B55383AA}.Debug|x86.ActiveCfg = Debug|Any CPU
		{FE19650D-5457-4125-B379-F8D5B55383AA}.Debug|x86.Build.0 = Debug|Any CPU
		{FE19650D-5457-4125-B379-F8D5B55383AA}.Release|Any CPU.ActiveCfg = Release|Any CPU
		{FE19650D-5457-4125-B379-F8D5B55383AA}.Release|Any CPU.Build.0 = Release|Any CPU
		{FE19650D-5457-4125-B379-F8D5B55383AA}.Release|x64.ActiveCfg = Release|Any CPU
		{FE19650D-5457-4125-B379-F8D5B55383AA}.Release|x64.Build.0 = Release|Any CPU
		{FE19650D-5457-4125-B379-F8D5B55383AA}.Release|x86.ActiveCfg = Release|Any CPU
		{FE19650D-5457-4125-B379-F8D5B55383AA}.Release|x86.Build.0 = Release|Any CPU
		{2886790B-BE3D-48E1-B59E-30DC1DBBAF23}.Debug|Any CPU.ActiveCfg = Debug|Any CPU
		{2886790B-BE3D-48E1-B59E-30DC1DBBAF23}.Debug|Any CPU.Build.0 = Debug|Any CPU
		{2886790B-BE3D-48E1-B59E-30DC1DBBAF23}.Debug|x64.ActiveCfg = Debug|Any CPU
		{2886790B-BE3D-48E1-B59E-30DC1DBBAF23}.Debug|x64.Build.0 = Debug|Any CPU
		{2886790B-BE3D-48E1-B59E-30DC1DBBAF23}.Debug|x86.ActiveCfg = Debug|Any CPU
		{2886790B-BE3D-48E1-B59E-30DC1DBBAF23}.Debug|x86.Build.0 = Debug|Any CPU
		{2886790B-BE3D-48E1-B59E-30DC1DBBAF23}.Release|Any CPU.ActiveCfg = Release|Any CPU
		{2886790B-BE3D-48E1-B59E-30DC1DBBAF23}.Release|Any CPU.Build.0 = Release|Any CPU
		{2886790B-BE3D-48E1-B59E-30DC1DBBAF23}.Release|x64.ActiveCfg = Release|Any CPU
		{2886790B-BE3D-48E1-B59E-30DC1DBBAF23}.Release|x64.Build.0 = Release|Any CPU
		{2886790B-BE3D-48E1-B59E-30DC1DBBAF23}.Release|x86.ActiveCfg = Release|Any CPU
		{2886790B-BE3D-48E1-B59E-30DC1DBBAF23}.Release|x86.Build.0 = Release|Any CPU
		{3089EC4B-DFC4-465D-81BF-E367A0B982E1}.Debug|Any CPU.ActiveCfg = Debug|Any CPU
		{3089EC4B-DFC4-465D-81BF-E367A0B982E1}.Debug|Any CPU.Build.0 = Debug|Any CPU
		{3089EC4B-DFC4-465D-81BF-E367A0B982E1}.Debug|x64.ActiveCfg = Debug|Any CPU
		{3089EC4B-DFC4-465D-81BF-E367A0B982E1}.Debug|x64.Build.0 = Debug|Any CPU
		{3089EC4B-DFC4-465D-81BF-E367A0B982E1}.Debug|x86.ActiveCfg = Debug|Any CPU
		{3089EC4B-DFC4-465D-81BF-E367A0B982E1}.Debug|x86.Build.0 = Debug|Any CPU
		{3089EC4B-DFC4-465D-81BF-E367A0B982E1}.Release|Any CPU.ActiveCfg = Release|Any CPU
		{3089EC4B-DFC4-465D-81BF-E367A0B982E1}.Release|Any CPU.Build.0 = Release|Any CPU
		{3089EC4B-DFC4-465D-81BF-E367A0B982E1}.Release|x64.ActiveCfg = Release|Any CPU
		{3089EC4B-DFC4-465D-81BF-E367A0B982E1}.Release|x64.Build.0 = Release|Any CPU
		{3089EC4B-DFC4-465D-81BF-E367A0B982E1}.Release|x86.ActiveCfg = Release|Any CPU
		{3089EC4B-DFC4-465D-81BF-E367A0B982E1}.Release|x86.Build.0 = Release|Any CPU
	EndGlobalSection
	GlobalSection(NestedProjects) = preSolution
		{E89A1B28-544D-46C0-938E-60D770CF3E3E} = {5E0BE637-0C4B-44DD-BAC8-1C0C403C9C9D}
		{FE19650D-5457-4125-B379-F8D5B55383AA} = {5E0BE637-0C4B-44DD-BAC8-1C0C403C9C9D}
		{2886790B-BE3D-48E1-B59E-30DC1DBBAF23} = {5E0BE637-0C4B-44DD-BAC8-1C0C403C9C9D}
		{3089EC4B-DFC4-465D-81BF-E367A0B982E1} = {D319FF3F-E249-4EDA-B489-4306535E366F}
	EndGlobalSection
EndGlobal
