
Microsoft Visual Studio Solution File, Format Version 12.00
# Visual Studio Version 17
VisualStudioVersion = 17.5.002.0
MinimumVisualStudioVersion = 10.0.40219.1
Project("{2150E333-8FDC-42A3-9474-1A3956D46DE8}") = "src", "src", "{01B55D3E-1AFC-461B-A235-251404F341EF}"
EndProject
Project("{FAE04EC0-301F-11D3-BF4B-00C04F79EFBC}") = "Chirp.Razor", "src\Chirp.Razor\Chirp.Razor.csproj", "{AE48944D-35D5-4C8D-8FCB-5B760CC0D4DB}"
EndProject
Global
	GlobalSection(SolutionProperties) = preSolution
		HideSolutionNode = FALSE
	EndGlobalSection
	GlobalSection(ExtensibilityGlobals) = postSolution
		SolutionGuid = {8FB41837-58F5-468F-9523-06CB75218B84}
	EndGlobalSection
	GlobalSection(SolutionConfigurationPlatforms) = preSolution
		Debug|Any CPU = Debug|Any CPU
		Debug|x64 = Debug|x64
		Debug|x86 = Debug|x86
		Release|Any CPU = Release|Any CPU
		Release|x64 = Release|x64
		Release|x86 = Release|x86
	EndGlobalSection
	GlobalSection(ProjectConfigurationPlatforms) = postSolution
		{AE48944D-35D5-4C8D-8FCB-5B760CC0D4DB}.Debug|Any CPU.ActiveCfg = Debug|Any CPU
		{AE48944D-35D5-4C8D-8FCB-5B760CC0D4DB}.Debug|Any CPU.Build.0 = Debug|Any CPU
		{AE48944D-35D5-4C8D-8FCB-5B760CC0D4DB}.Debug|x64.ActiveCfg = Debug|Any CPU
		{AE48944D-35D5-4C8D-8FCB-5B760CC0D4DB}.Debug|x64.Build.0 = Debug|Any CPU
		{AE48944D-35D5-4C8D-8FCB-5B760CC0D4DB}.Debug|x86.ActiveCfg = Debug|Any CPU
		{AE48944D-35D5-4C8D-8FCB-5B760CC0D4DB}.Debug|x86.Build.0 = Debug|Any CPU
		{AE48944D-35D5-4C8D-8FCB-5B760CC0D4DB}.Release|Any CPU.ActiveCfg = Release|Any CPU
		{AE48944D-35D5-4C8D-8FCB-5B760CC0D4DB}.Release|Any CPU.Build.0 = Release|Any CPU
		{AE48944D-35D5-4C8D-8FCB-5B760CC0D4DB}.Release|x64.ActiveCfg = Release|Any CPU
		{AE48944D-35D5-4C8D-8FCB-5B760CC0D4DB}.Release|x64.Build.0 = Release|Any CPU
		{AE48944D-35D5-4C8D-8FCB-5B760CC0D4DB}.Release|x86.ActiveCfg = Release|Any CPU
		{AE48944D-35D5-4C8D-8FCB-5B760CC0D4DB}.Release|x86.Build.0 = Release|Any CPU
	EndGlobalSection
	GlobalSection(NestedProjects) = preSolution
		{AE48944D-35D5-4C8D-8FCB-5B760CC0D4DB} = {01B55D3E-1AFC-461B-A235-251404F341EF}
	EndGlobalSection
EndGlobal
